Microsoft Visual Studio Solution File, Format Version 12.00
# Visual Studio Version 17
VisualStudioVersion = 17.5.2.0
MinimumVisualStudioVersion = 10.0.40219.1
Project("{FAE04EC0-301F-11D3-BF4B-00C04F79EFBC}") = "RetoOxxoWeb", "RetoOxxoWeb.csproj", "{89D86EB0-ED20-9797-6FFA-09C5E3043231}"
EndProject
Global
	GlobalSection(SolutionConfigurationPlatforms) = preSolution
		Debug|Any CPU = Debug|Any CPU
		Release|Any CPU = Release|Any CPU
	EndGlobalSection
	GlobalSection(ProjectConfigurationPlatforms) = postSolution
		{89D86EB0-ED20-9797-6FFA-09C5E3043231}.Debug|Any CPU.ActiveCfg = Debug|Any CPU
		{89D86EB0-ED20-9797-6FFA-09C5E3043231}.Debug|Any CPU.Build.0 = Debug|Any CPU
		{89D86EB0-ED20-9797-6FFA-09C5E3043231}.Release|Any CPU.ActiveCfg = Release|Any CPU
		{89D86EB0-ED20-9797-6FFA-09C5E3043231}.Release|Any CPU.Build.0 = Release|Any CPU
	EndGlobalSection
	GlobalSection(SolutionProperties) = preSolution
		HideSolutionNode = FALSE
	EndGlobalSection
	GlobalSection(ExtensibilityGlobals) = postSolution
		SolutionGuid = {E1E8EED9-A171-4107-8DD0-E213FAF95B68}
	EndGlobalSection
EndGlobal
